// !$*UTF8*$!
{
	archiveVersion = 1;
	classes = {
	};
	objectVersion = 56;
	objects = {

/* Begin PBXBuildFile section */
		8883C6052AE02482008BD669 /* DevoteApp.swift in Sources */ = {isa = PBXBuildFile; fileRef = 8883C6042AE02482008BD669 /* DevoteApp.swift */; };
		8883C6072AE02482008BD669 /* ContentView.swift in Sources */ = {isa = PBXBuildFile; fileRef = 8883C6062AE02482008BD669 /* ContentView.swift */; };
		8883C6092AE02482008BD669 /* Assets.xcassets in Resources */ = {isa = PBXBuildFile; fileRef = 8883C6082AE02482008BD669 /* Assets.xcassets */; };
		8883C60C2AE02482008BD669 /* Preview Assets.xcassets in Resources */ = {isa = PBXBuildFile; fileRef = 8883C60B2AE02482008BD669 /* Preview Assets.xcassets */; };
		8883C60E2AE02482008BD669 /* Persistence.swift in Sources */ = {isa = PBXBuildFile; fileRef = 8883C60D2AE02482008BD669 /* Persistence.swift */; };
		8883C6112AE02482008BD669 /* Devote.xcdatamodeld in Sources */ = {isa = PBXBuildFile; fileRef = 8883C60F2AE02482008BD669 /* Devote.xcdatamodeld */; };
		8883C61A2AE02515008BD669 /* sound-tap.mp3 in Resources */ = {isa = PBXBuildFile; fileRef = 8883C6172AE02515008BD669 /* sound-tap.mp3 */; };
		8883C61B2AE02515008BD669 /* sound-ding.mp3 in Resources */ = {isa = PBXBuildFile; fileRef = 8883C6182AE02515008BD669 /* sound-ding.mp3 */; };
		8883C61C2AE02515008BD669 /* sound-rise.mp3 in Resources */ = {isa = PBXBuildFile; fileRef = 8883C6192AE02515008BD669 /* sound-rise.mp3 */; };
		8883C62A2AE02A48008BD669 /* Constant.swift in Sources */ = {isa = PBXBuildFile; fileRef = 8883C6292AE02A48008BD669 /* Constant.swift */; };
		8883C62C2AE03E8A008BD669 /* HideKeyboardExtension.swift in Sources */ = {isa = PBXBuildFile; fileRef = 8883C62B2AE03E8A008BD669 /* HideKeyboardExtension.swift */; };
/* End PBXBuildFile section */

/* Begin PBXFileReference section */
		8883C6012AE02482008BD669 /* Devote.app */ = {isa = PBXFileReference; explicitFileType = wrapper.application; includeInIndex = 0; path = Devote.app; sourceTree = BUILT_PRODUCTS_DIR; };
		8883C6042AE02482008BD669 /* DevoteApp.swift */ = {isa = PBXFileReference; lastKnownFileType = sourcecode.swift; path = DevoteApp.swift; sourceTree = "<group>"; };
		8883C6062AE02482008BD669 /* ContentView.swift */ = {isa = PBXFileReference; lastKnownFileType = sourcecode.swift; path = ContentView.swift; sourceTree = "<group>"; };
		8883C6082AE02482008BD669 /* Assets.xcassets */ = {isa = PBXFileReference; lastKnownFileType = folder.assetcatalog; path = Assets.xcassets; sourceTree = "<group>"; };
		8883C60B2AE02482008BD669 /* Preview Assets.xcassets */ = {isa = PBXFileReference; lastKnownFileType = folder.assetcatalog; path = "Preview Assets.xcassets"; sourceTree = "<group>"; };
		8883C60D2AE02482008BD669 /* Persistence.swift */ = {isa = PBXFileReference; lastKnownFileType = sourcecode.swift; path = Persistence.swift; sourceTree = "<group>"; };
		8883C6102AE02482008BD669 /* Devote.xcdatamodel */ = {isa = PBXFileReference; lastKnownFileType = wrapper.xcdatamodel; path = Devote.xcdatamodel; sourceTree = "<group>"; };
		8883C6172AE02515008BD669 /* sound-tap.mp3 */ = {isa = PBXFileReference; lastKnownFileType = audio.mp3; path = "sound-tap.mp3"; sourceTree = "<group>"; };
		8883C6182AE02515008BD669 /* sound-ding.mp3 */ = {isa = PBXFileReference; lastKnownFileType = audio.mp3; path = "sound-ding.mp3"; sourceTree = "<group>"; };
		8883C6192AE02515008BD669 /* sound-rise.mp3 */ = {isa = PBXFileReference; lastKnownFileType = audio.mp3; path = "sound-rise.mp3"; sourceTree = "<group>"; };
		8883C6242AE025B0008BD669 /* Info.plist */ = {isa = PBXFileReference; lastKnownFileType = text.plist; path = Info.plist; sourceTree = "<group>"; };
		8883C6292AE02A48008BD669 /* Constant.swift */ = {isa = PBXFileReference; lastKnownFileType = sourcecode.swift; path = Constant.swift; sourceTree = "<group>"; };
		8883C62B2AE03E8A008BD669 /* HideKeyboardExtension.swift */ = {isa = PBXFileReference; lastKnownFileType = sourcecode.swift; path = HideKeyboardExtension.swift; sourceTree = "<group>"; };
/* End PBXFileReference section */

/* Begin PBXFrameworksBuildPhase section */
		8883C5FE2AE02482008BD669 /* Frameworks */ = {
			isa = PBXFrameworksBuildPhase;
			buildActionMask = 2147483647;
			files = (
			);
			runOnlyForDeploymentPostprocessing = 0;
		};
/* End PBXFrameworksBuildPhase section */

/* Begin PBXGroup section */
		8883C5F82AE02482008BD669 = {
			isa = PBXGroup;
			children = (
				8883C6032AE02482008BD669 /* Devote */,
				8883C6022AE02482008BD669 /* Products */,
			);
			sourceTree = "<group>";
		};
		8883C6022AE02482008BD669 /* Products */ = {
			isa = PBXGroup;
			children = (
				8883C6012AE02482008BD669 /* Devote.app */,
			);
			name = Products;
			sourceTree = "<group>";
		};
		8883C6032AE02482008BD669 /* Devote */ = {
			isa = PBXGroup;
			children = (
				8883C6042AE02482008BD669 /* DevoteApp.swift */,
				8883C61F2AE0253C008BD669 /* View */,
				8883C6232AE0256C008BD669 /* Model */,
				8883C6222AE02556008BD669 /* Style */,
				8883C6212AE02550008BD669 /* Utility */,
				8883C6202AE02548008BD669 /* Extension */,
				8883C61E2AE0252C008BD669 /* Sound */,
				8883C6082AE02482008BD669 /* Assets.xcassets */,
				8883C6242AE025B0008BD669 /* Info.plist */,
				8883C60A2AE02482008BD669 /* Preview Content */,
			);
			path = Devote;
			sourceTree = "<group>";
		};
		8883C60A2AE02482008BD669 /* Preview Content */ = {
			isa = PBXGroup;
			children = (
				8883C60B2AE02482008BD669 /* Preview Assets.xcassets */,
			);
			path = "Preview Content";
			sourceTree = "<group>";
		};
		8883C61E2AE0252C008BD669 /* Sound */ = {
			isa = PBXGroup;
			children = (
				8883C6182AE02515008BD669 /* sound-ding.mp3 */,
				8883C6192AE02515008BD669 /* sound-rise.mp3 */,
				8883C6172AE02515008BD669 /* sound-tap.mp3 */,
			);
			path = Sound;
			sourceTree = "<group>";
		};
		8883C61F2AE0253C008BD669 /* View */ = {
			isa = PBXGroup;
			children = (
				8883C6062AE02482008BD669 /* ContentView.swift */,
			);
			path = View;
			sourceTree = "<group>";
		};
		8883C6202AE02548008BD669 /* Extension */ = {
			isa = PBXGroup;
			children = (
				8883C62B2AE03E8A008BD669 /* HideKeyboardExtension.swift */,
			);
			path = Extension;
			sourceTree = "<group>";
		};
		8883C6212AE02550008BD669 /* Utility */ = {
			isa = PBXGroup;
			children = (
				8883C6292AE02A48008BD669 /* Constant.swift */,
			);
			path = Utility;
			sourceTree = "<group>";
		};
		8883C6222AE02556008BD669 /* Style */ = {
			isa = PBXGroup;
			children = (
			);
			path = Style;
			sourceTree = "<group>";
		};
		8883C6232AE0256C008BD669 /* Model */ = {
			isa = PBXGroup;
			children = (
				8883C60D2AE02482008BD669 /* Persistence.swift */,
				8883C60F2AE02482008BD669 /* Devote.xcdatamodeld */,
			);
			path = Model;
			sourceTree = "<group>";
		};
/* End PBXGroup section */

/* Begin PBXNativeTarget section */
		8883C6002AE02482008BD669 /* Devote */ = {
			isa = PBXNativeTarget;
			buildConfigurationList = 8883C6142AE02482008BD669 /* Build configuration list for PBXNativeTarget "Devote" */;
			buildPhases = (
				8883C5FD2AE02482008BD669 /* Sources */,
				8883C5FE2AE02482008BD669 /* Frameworks */,
				8883C5FF2AE02482008BD669 /* Resources */,
			);
			buildRules = (
			);
			dependencies = (
			);
			name = Devote;
			productName = Devote;
			productReference = 8883C6012AE02482008BD669 /* Devote.app */;
			productType = "com.apple.product-type.application";
		};
/* End PBXNativeTarget section */

/* Begin PBXProject section */
		8883C5F92AE02482008BD669 /* Project object */ = {
			isa = PBXProject;
			attributes = {
				BuildIndependentTargetsInParallel = 1;
				LastSwiftUpdateCheck = 1500;
				LastUpgradeCheck = 1500;
				TargetAttributes = {
					8883C6002AE02482008BD669 = {
						CreatedOnToolsVersion = 15.0;
					};
				};
			};
			buildConfigurationList = 8883C5FC2AE02482008BD669 /* Build configuration list for PBXProject "Devote" */;
			compatibilityVersion = "Xcode 14.0";
			developmentRegion = en;
			hasScannedForEncodings = 0;
			knownRegions = (
				en,
				Base,
			);
			mainGroup = 8883C5F82AE02482008BD669;
			productRefGroup = 8883C6022AE02482008BD669 /* Products */;
			projectDirPath = "";
			projectRoot = "";
			targets = (
				8883C6002AE02482008BD669 /* Devote */,
			);
		};
/* End PBXProject section */

/* Begin PBXResourcesBuildPhase section */
		8883C5FF2AE02482008BD669 /* Resources */ = {
			isa = PBXResourcesBuildPhase;
			buildActionMask = 2147483647;
			files = (
				8883C61C2AE02515008BD669 /* sound-rise.mp3 in Resources */,
				8883C61B2AE02515008BD669 /* sound-ding.mp3 in Resources */,
				8883C61A2AE02515008BD669 /* sound-tap.mp3 in Resources */,
				8883C60C2AE02482008BD669 /* Preview Assets.xcassets in Resources */,
				8883C6092AE02482008BD669 /* Assets.xcassets in Resources */,
			);
			runOnlyForDeploymentPostprocessing = 0;
		};
/* End PBXResourcesBuildPhase section */

/* Begin PBXSourcesBuildPhase section */
		8883C5FD2AE02482008BD669 /* Sources */ = {
			isa = PBXSourcesBuildPhase;
			buildActionMask = 2147483647;
			files = (
				8883C60E2AE02482008BD669 /* Persistence.swift in Sources */,
				8883C6072AE02482008BD669 /* ContentView.swift in Sources */,
				8883C62C2AE03E8A008BD669 /* HideKeyboardExtension.swift in Sources */,
				8883C62A2AE02A48008BD669 /* Constant.swift in Sources */,
				8883C6112AE02482008BD669 /* Devote.xcdatamodeld in Sources */,
				8883C6052AE02482008BD669 /* DevoteApp.swift in Sources */,
			);
			runOnlyForDeploymentPostprocessing = 0;
		};
/* End PBXSourcesBuildPhase section */

/* Begin XCBuildConfiguration section */
		8883C6122AE02482008BD669 /* Debug */ = {
			isa = XCBuildConfiguration;
			buildSettings = {
				ALWAYS_SEARCH_USER_PATHS = NO;
				ASSETCATALOG_COMPILER_GENERATE_SWIFT_ASSET_SYMBOL_EXTENSIONS = YES;
				CLANG_ANALYZER_NONNULL = YES;
				CLANG_ANALYZER_NUMBER_OBJECT_CONVERSION = YES_AGGRESSIVE;
				CLANG_CXX_LANGUAGE_STANDARD = "gnu++20";
				CLANG_ENABLE_MODULES = YES;
				CLANG_ENABLE_OBJC_ARC = YES;
				CLANG_ENABLE_OBJC_WEAK = YES;
				CLANG_WARN_BLOCK_CAPTURE_AUTORELEASING = YES;
				CLANG_WARN_BOOL_CONVERSION = YES;
				CLANG_WARN_COMMA = YES;
				CLANG_WARN_CONSTANT_CONVERSION = YES;
				CLANG_WARN_DEPRECATED_OBJC_IMPLEMENTATIONS = YES;
				CLANG_WARN_DIRECT_OBJC_ISA_USAGE = YES_ERROR;
				CLANG_WARN_DOCUMENTATION_COMMENTS = YES;
				CLANG_WARN_EMPTY_BODY = YES;
				CLANG_WARN_ENUM_CONVERSION = YES;
				CLANG_WARN_INFINITE_RECURSION = YES;
				CLANG_WARN_INT_CONVERSION = YES;
				CLANG_WARN_NON_LITERAL_NULL_CONVERSION = YES;
				CLANG_WARN_OBJC_IMPLICIT_RETAIN_SELF = YES;
				CLANG_WARN_OBJC_LITERAL_CONVERSION = YES;
				CLANG_WARN_OBJC_ROOT_CLASS = YES_ERROR;
				CLANG_WARN_QUOTED_INCLUDE_IN_FRAMEWORK_HEADER = YES;
				CLANG_WARN_RANGE_LOOP_ANALYSIS = YES;
				CLANG_WARN_STRICT_PROTOTYPES = YES;
				CLANG_WARN_SUSPICIOUS_MOVE = YES;
				CLANG_WARN_UNGUARDED_AVAILABILITY = YES_AGGRESSIVE;
				CLANG_WARN_UNREACHABLE_CODE = YES;
				CLANG_WARN__DUPLICATE_METHOD_MATCH = YES;
				COPY_PHASE_STRIP = NO;
				DEBUG_INFORMATION_FORMAT = dwarf;
				ENABLE_STRICT_OBJC_MSGSEND = YES;
				ENABLE_TESTABILITY = YES;
				ENABLE_USER_SCRIPT_SANDBOXING = YES;
				GCC_C_LANGUAGE_STANDARD = gnu17;
				GCC_DYNAMIC_NO_PIC = NO;
				GCC_NO_COMMON_BLOCKS = YES;
				GCC_OPTIMIZATION_LEVEL = 0;
				GCC_PREPROCESSOR_DEFINITIONS = (
					"DEBUG=1",
					"$(inherited)",
				);
				GCC_WARN_64_TO_32_BIT_CONVERSION = YES;
				GCC_WARN_ABOUT_RETURN_TYPE = YES_ERROR;
				GCC_WARN_UNDECLARED_SELECTOR = YES;
				GCC_WARN_UNINITIALIZED_AUTOS = YES_AGGRESSIVE;
				GCC_WARN_UNUSED_FUNCTION = YES;
				GCC_WARN_UNUSED_VARIABLE = YES;
				IPHONEOS_DEPLOYMENT_TARGET = 17.0;
				LOCALIZATION_PREFERS_STRING_CATALOGS = YES;
				MTL_ENABLE_DEBUG_INFO = INCLUDE_SOURCE;
				MTL_FAST_MATH = YES;
				ONLY_ACTIVE_ARCH = YES;
				SDKROOT = iphoneos;
				SWIFT_ACTIVE_COMPILATION_CONDITIONS = "DEBUG $(inherited)";
				SWIFT_OPTIMIZATION_LEVEL = "-Onone";
			};
			name = Debug;
		};
		8883C6132AE02482008BD669 /* Release */ = {
			isa = XCBuildConfiguration;
			buildSettings = {
				ALWAYS_SEARCH_USER_PATHS = NO;
				ASSETCATALOG_COMPILER_GENERATE_SWIFT_ASSET_SYMBOL_EXTENSIONS = YES;
				CLANG_ANALYZER_NONNULL = YES;
				CLANG_ANALYZER_NUMBER_OBJECT_CONVERSION = YES_AGGRESSIVE;
				CLANG_CXX_LANGUAGE_STANDARD = "gnu++20";
				CLANG_ENABLE_MODULES = YES;
				CLANG_ENABLE_OBJC_ARC = YES;
				CLANG_ENABLE_OBJC_WEAK = YES;
				CLANG_WARN_BLOCK_CAPTURE_AUTORELEASING = YES;
				CLANG_WARN_BOOL_CONVERSION = YES;
				CLANG_WARN_COMMA = YES;
				CLANG_WARN_CONSTANT_CONVERSION = YES;
				CLANG_WARN_DEPRECATED_OBJC_IMPLEMENTATIONS = YES;
				CLANG_WARN_DIRECT_OBJC_ISA_USAGE = YES_ERROR;
				CLANG_WARN_DOCUMENTATION_COMMENTS = YES;
				CLANG_WARN_EMPTY_BODY = YES;
				CLANG_WARN_ENUM_CONVERSION = YES;
				CLANG_WARN_INFINITE_RECURSION = YES;
				CLANG_WARN_INT_CONVERSION = YES;
				CLANG_WARN_NON_LITERAL_NULL_CONVERSION = YES;
				CLANG_WARN_OBJC_IMPLICIT_RETAIN_SELF = YES;
				CLANG_WARN_OBJC_LITERAL_CONVERSION = YES;
				CLANG_WARN_OBJC_ROOT_CLASS = YES_ERROR;
				CLANG_WARN_QUOTED_INCLUDE_IN_FRAMEWORK_HEADER = YES;
				CLANG_WARN_RANGE_LOOP_ANALYSIS = YES;
				CLANG_WARN_STRICT_PROTOTYPES = YES;
				CLANG_WARN_SUSPICIOUS_MOVE = YES;
				CLANG_WARN_UNGUARDED_AVAILABILITY = YES_AGGRESSIVE;
				CLANG_WARN_UNREACHABLE_CODE = YES;
				CLANG_WARN__DUPLICATE_METHOD_MATCH = YES;
				COPY_PHASE_STRIP = NO;
				DEBUG_INFORMATION_FORMAT = "dwarf-with-dsym";
				ENABLE_NS_ASSERTIONS = NO;
				ENABLE_STRICT_OBJC_MSGSEND = YES;
				ENABLE_USER_SCRIPT_SANDBOXING = YES;
				GCC_C_LANGUAGE_STANDARD = gnu17;
				GCC_NO_COMMON_BLOCKS = YES;
				GCC_WARN_64_TO_32_BIT_CONVERSION = YES;
				GCC_WARN_ABOUT_RETURN_TYPE = YES_ERROR;
				GCC_WARN_UNDECLARED_SELECTOR = YES;
				GCC_WARN_UNINITIALIZED_AUTOS = YES_AGGRESSIVE;
				GCC_WARN_UNUSED_FUNCTION = YES;
				GCC_WARN_UNUSED_VARIABLE = YES;
				IPHONEOS_DEPLOYMENT_TARGET = 17.0;
				LOCALIZATION_PREFERS_STRING_CATALOGS = YES;
				MTL_ENABLE_DEBUG_INFO = NO;
				MTL_FAST_MATH = YES;
				SDKROOT = iphoneos;
				SWIFT_COMPILATION_MODE = wholemodule;
				VALIDATE_PRODUCT = YES;
			};
			name = Release;
		};
		8883C6152AE02482008BD669 /* Debug */ = {
			isa = XCBuildConfiguration;
			buildSettings = {
				ASSETCATALOG_COMPILER_APPICON_NAME = AppIcon;
				ASSETCATALOG_COMPILER_GLOBAL_ACCENT_COLOR_NAME = AccentColor;
				CODE_SIGN_STYLE = Automatic;
				CURRENT_PROJECT_VERSION = 1;
				DEVELOPMENT_ASSET_PATHS = "\"Devote/Preview Content\"";
				DEVELOPMENT_TEAM = HXUYU6LP5D;
				ENABLE_PREVIEWS = YES;
				GENERATE_INFOPLIST_FILE = YES;
				INFOPLIST_FILE = Devote/Info.plist;
				INFOPLIST_KEY_UIApplicationSceneManifest_Generation = YES;
				INFOPLIST_KEY_UIApplicationSupportsIndirectInputEvents = YES;
				INFOPLIST_KEY_UISupportedInterfaceOrientations = UIInterfaceOrientationPortrait;
				LD_RUNPATH_SEARCH_PATHS = (
					"$(inherited)",
					"@executable_path/Frameworks",
				);
				MARKETING_VERSION = 1.0;
				PRODUCT_BUNDLE_IDENTIFIER = wolf.Devote;
				PRODUCT_NAME = "$(TARGET_NAME)";
				SWIFT_EMIT_LOC_STRINGS = YES;
				SWIFT_VERSION = 5.0;
				TARGETED_DEVICE_FAMILY = "1,2";
			};
			name = Debug;
		};
		8883C6162AE02482008BD669 /* Release */ = {
			isa = XCBuildConfiguration;
			buildSettings = {
				ASSETCATALOG_COMPILER_APPICON_NAME = AppIcon;
				ASSETCATALOG_COMPILER_GLOBAL_ACCENT_COLOR_NAME = AccentColor;
				CODE_SIGN_STYLE = Automatic;
				CURRENT_PROJECT_VERSION = 1;
				DEVELOPMENT_ASSET_PATHS = "\"Devote/Preview Content\"";
				DEVELOPMENT_TEAM = HXUYU6LP5D;
				ENABLE_PREVIEWS = YES;
				GENERATE_INFOPLIST_FILE = YES;
				INFOPLIST_FILE = Devote/Info.plist;
				INFOPLIST_KEY_UIApplicationSceneManifest_Generation = YES;
				INFOPLIST_KEY_UIApplicationSupportsIndirectInputEvents = YES;
				INFOPLIST_KEY_UISupportedInterfaceOrientations = UIInterfaceOrientationPortrait;
				LD_RUNPATH_SEARCH_PATHS = (
					"$(inherited)",
					"@executable_path/Frameworks",
				);
				MARKETING_VERSION = 1.0;
				PRODUCT_BUNDLE_IDENTIFIER = wolf.Devote;
				PRODUCT_NAME = "$(TARGET_NAME)";
				SWIFT_EMIT_LOC_STRINGS = YES;
				SWIFT_VERSION = 5.0;
				TARGETED_DEVICE_FAMILY = "1,2";
			};
			name = Release;
		};
/* End XCBuildConfiguration section */

/* Begin XCConfigurationList section */
		8883C5FC2AE02482008BD669 /* Build configuration list for PBXProject "Devote" */ = {
			isa = XCConfigurationList;
			buildConfigurations = (
				8883C6122AE02482008BD669 /* Debug */,
				8883C6132AE02482008BD669 /* Release */,
			);
			defaultConfigurationIsVisible = 0;
			defaultConfigurationName = Release;
		};
		8883C6142AE02482008BD669 /* Build configuration list for PBXNativeTarget "Devote" */ = {
			isa = XCConfigurationList;
			buildConfigurations = (
				8883C6152AE02482008BD669 /* Debug */,
				8883C6162AE02482008BD669 /* Release */,
			);
			defaultConfigurationIsVisible = 0;
			defaultConfigurationName = Release;
		};
/* End XCConfigurationList section */

/* Begin XCVersionGroup section */
		8883C60F2AE02482008BD669 /* Devote.xcdatamodeld */ = {
			isa = XCVersionGroup;
			children = (
				8883C6102AE02482008BD669 /* Devote.xcdatamodel */,
			);
			currentVersion = 8883C6102AE02482008BD669 /* Devote.xcdatamodel */;
			path = Devote.xcdatamodeld;
			sourceTree = "<group>";
			versionGroupType = wrapper.xcdatamodel;
		};
/* End XCVersionGroup section */
	};
	rootObject = 8883C5F92AE02482008BD669 /* Project object */;
}
